dependencies:
- name: kube-state-metrics
  repository: https://apphub.aliyuncs.com
  version: 2.6.4
- name: prometheus-node-exporter
  repository: https://apphub.aliyuncs.com
  version: 1.8.1
- name: grafana
  repository: https://apphub.aliyuncs.com
  version: 4.3.0
digest: sha256:624b6af92d6dc020619ca7e1681d21b45c371079179588058bf4d81eb3b9f1eb
generated: "2020-02-09T21:41:07.237478199+08:00"
